
Microsoft Visual Studio Solution File, Format Version 12.00
# Visual Studio Version 16
VisualStudioVersion = 16.0.31729.503
MinimumVisualStudioVersion = 10.0.40219.1
Project("{FAE04EC0-301F-11D3-BF4B-00C04F79EFBC}") = "ZadaniePM01", "ZadaniePM01\ZadaniePM01.csproj", "{A42DFAC8-38BE-44B5-9001-F2E9D40FFFFD}"
EndProject
Global
	GlobalSection(SolutionConfigurationPlatforms) = preSolution
		Debug|Any CPU = Debug|Any CPU
		Release|Any CPU = Release|Any CPU
	EndGlobalSection
	GlobalSection(ProjectConfigurationPlatforms) = postSolution
		{A42DFAC8-38BE-44B5-9001-F2E9D40FFFFD}.Debug|Any CPU.ActiveCfg = Debug|Any CPU
		{A42DFAC8-38BE-44B5-9001-F2E9D40FFFFD}.Debug|Any CPU.Build.0 = Debug|Any CPU
		{A42DFAC8-38BE-44B5-9001-F2E9D40FFFFD}.Release|Any CPU.ActiveCfg = Release|Any CPU
		{A42DFAC8-38BE-44B5-9001-F2E9D40FFFFD}.Release|Any CPU.Build.0 = Release|Any CPU
	EndGlobalSection
	GlobalSection(SolutionProperties) = preSolution
		HideSolutionNode = FALSE
	EndGlobalSection
	GlobalSection(ExtensibilityGlobals) = postSolution
		SolutionGuid = {8BB5DF5D-A6C4-4955-8C8A-FFC5B1DC7815}
	EndGlobalSection
EndGlobal
